
Microsoft Visual Studio Solution File, Format Version 12.00
# Visual Studio 15
VisualStudioVersion = 15.0.27130.2036
MinimumVisualStudioVersion = 10.0.40219.1
Project("{8BC9CEB8-8B4A-11D0-8D11-00A0C91BC942}") = "mijinko", "mijinko.vcxproj", "{567ECB51-5D38-4368-BF51-B163EFCD997F}"
EndProject
Global
	GlobalSection(SolutionConfigurationPlatforms) = preSolution
		Debug|x64 = Debug|x64
		Debug|x86 = Debug|x86
		Release|x64 = Release|x64
		Release|x86 = Release|x86
	EndGlobalSection
	GlobalSection(ProjectConfigurationPlatforms) = postSolution
		{567ECB51-5D38-4368-BF51-B163EFCD997F}.Debug|x64.ActiveCfg = Debug|x64
		{567ECB51-5D38-4368-BF51-B163EFCD997F}.Debug|x64.Build.0 = Debug|x64
		{567ECB51-5D38-4368-BF51-B163EFCD997F}.Debug|x86.ActiveCfg = Debug|Win32
		{567ECB51-5D38-4368-BF51-B163EFCD997F}.Debug|x86.Build.0 = Debug|Win32
		{567ECB51-5D38-4368-BF51-B163EFCD997F}.Release|x64.ActiveCfg = Release|x64
		{567ECB51-5D38-4368-BF51-B163EFCD997F}.Release|x64.Build.0 = Release|x64
		{567ECB51-5D38-4368-BF51-B163EFCD997F}.Release|x86.ActiveCfg = Release|Win32
		{567ECB51-5D38-4368-BF51-B163EFCD997F}.Release|x86.Build.0 = Release|Win32
	EndGlobalSection
	GlobalSection(SolutionProperties) = preSolution
		HideSolutionNode = FALSE
	EndGlobalSection
	GlobalSection(ExtensibilityGlobals) = postSolution
		SolutionGuid = {19D5FFCF-CF25-477F-BD83-04F83106283C}
	EndGlobalSection
EndGlobal
